
Microsoft Visual Studio Solution File, Format Version 12.00
# Visual Studio 15
Project("{FAE04EC0-301F-11D3-BF4B-00C04F79EFBC}") = "Assembly-CSharp-firstpass", "Assembly-CSharp-firstpass.csproj", "{158DDB6E-4205-AAA7-5C63-D0B4F0AED02E}"
EndProject
Project("{FAE04EC0-301F-11D3-BF4B-00C04F79EFBC}") = "NavMeshPlus", "NavMeshPlus.csproj", "{7DF7EE8B-6361-6F61-D865-0F39DB410860}"
EndProject
Project("{FAE04EC0-301F-11D3-BF4B-00C04F79EFBC}") = "Assembly-CSharp", "Assembly-CSharp.csproj", "{E3C4A23A-02A4-4D3F-4B26-34BB68E55A62}"
EndProject
Project("{FAE04EC0-301F-11D3-BF4B-00C04F79EFBC}") = "Assembly-CSharp-Editor-firstpass", "Assembly-CSharp-Editor-firstpass.csproj", "{76552480-CFA4-0347-ABA7-CE9B5C835094}"
EndProject
Project("{FAE04EC0-301F-11D3-BF4B-00C04F79EFBC}") = "NavMeshPlusEditor", "NavMeshPlusEditor.csproj", "{3E6FE58B-2B34-AD71-5CDC-DCAABD8EDA69}"
EndProject
Project("{FAE04EC0-301F-11D3-BF4B-00C04F79EFBC}") = "Tests", "Tests.csproj", "{4E59B24D-D549-ED81-F98A-C4858CA7A6A0}"
EndProject
Global
	GlobalSection(SolutionConfigurationPlatforms) = preSolution
		Debug|Any CPU = Debug|Any CPU
		Release|Any CPU = Release|Any CPU
	EndGlobalSection
	GlobalSection(ProjectConfigurationPlatforms) = postSolution
		{158DDB6E-4205-AAA7-5C63-D0B4F0AED02E}.Debug|Any CPU.ActiveCfg = Debug|Any CPU
		{158DDB6E-4205-AAA7-5C63-D0B4F0AED02E}.Debug|Any CPU.Build.0 = Debug|Any CPU
		{158DDB6E-4205-AAA7-5C63-D0B4F0AED02E}.Release|Any CPU.ActiveCfg = Release|Any CPU
		{158DDB6E-4205-AAA7-5C63-D0B4F0AED02E}.Release|Any CPU.Build.0 = Release|Any CPU
		{7DF7EE8B-6361-6F61-D865-0F39DB410860}.Debug|Any CPU.ActiveCfg = Debug|Any CPU
		{7DF7EE8B-6361-6F61-D865-0F39DB410860}.Debug|Any CPU.Build.0 = Debug|Any CPU
		{7DF7EE8B-6361-6F61-D865-0F39DB410860}.Release|Any CPU.ActiveCfg = Release|Any CPU
		{7DF7EE8B-6361-6F61-D865-0F39DB410860}.Release|Any CPU.Build.0 = Release|Any CPU
		{E3C4A23A-02A4-4D3F-4B26-34BB68E55A62}.Debug|Any CPU.ActiveCfg = Debug|Any CPU
		{E3C4A23A-02A4-4D3F-4B26-34BB68E55A62}.Debug|Any CPU.Build.0 = Debug|Any CPU
		{E3C4A23A-02A4-4D3F-4B26-34BB68E55A62}.Release|Any CPU.ActiveCfg = Release|Any CPU
		{E3C4A23A-02A4-4D3F-4B26-34BB68E55A62}.Release|Any CPU.Build.0 = Release|Any CPU
		{76552480-CFA4-0347-ABA7-CE9B5C835094}.Debug|Any CPU.ActiveCfg = Debug|Any CPU
		{76552480-CFA4-0347-ABA7-CE9B5C835094}.Debug|Any CPU.Build.0 = Debug|Any CPU
		{76552480-CFA4-0347-ABA7-CE9B5C835094}.Release|Any CPU.ActiveCfg = Release|Any CPU
		{76552480-CFA4-0347-ABA7-CE9B5C835094}.Release|Any CPU.Build.0 = Release|Any CPU
		{3E6FE58B-2B34-AD71-5CDC-DCAABD8EDA69}.Debug|Any CPU.ActiveCfg = Debug|Any CPU
		{3E6FE58B-2B34-AD71-5CDC-DCAABD8EDA69}.Debug|Any CPU.Build.0 = Debug|Any CPU
		{3E6FE58B-2B34-AD71-5CDC-DCAABD8EDA69}.Release|Any CPU.ActiveCfg = Release|Any CPU
		{3E6FE58B-2B34-AD71-5CDC-DCAABD8EDA69}.Release|Any CPU.Build.0 = Release|Any CPU
		{4E59B24D-D549-ED81-F98A-C4858CA7A6A0}.Debug|Any CPU.ActiveCfg = Debug|Any CPU
		{4E59B24D-D549-ED81-F98A-C4858CA7A6A0}.Debug|Any CPU.Build.0 = Debug|Any CPU
		{4E59B24D-D549-ED81-F98A-C4858CA7A6A0}.Release|Any CPU.ActiveCfg = Release|Any CPU
		{4E59B24D-D549-ED81-F98A-C4858CA7A6A0}.Release|Any CPU.Build.0 = Release|Any CPU
	EndGlobalSection
	GlobalSection(SolutionProperties) = preSolution
		HideSolutionNode = FALSE
	EndGlobalSection
EndGlobal
